
Microsoft Visual Studio Solution File, Format Version 12.00
# Visual Studio Version 16
VisualStudioVersion = 16.0.28917.182
MinimumVisualStudioVersion = 10.0.40219.1
Project("{FAE04EC0-301F-11D3-BF4B-00C04F79EFBC}") = "ElaraDemo", "ElaraDemo.csproj", "{C91DF7AD-99DD-4B35-B449-BF6E550F13B2}"
EndProject
Global
	GlobalSection(SolutionConfigurationPlatforms) = preSolution
		Debug|Any CPU = Debug|Any CPU
		Release|Any CPU = Release|Any CPU
	EndGlobalSection
	GlobalSection(ProjectConfigurationPlatforms) = postSolution
		{C91DF7AD-99DD-4B35-B449-BF6E550F13B2}.Debug|Any CPU.ActiveCfg = Debug|Any CPU
		{C91DF7AD-99DD-4B35-B449-BF6E550F13B2}.Debug|Any CPU.Build.0 = Debug|Any CPU
		{C91DF7AD-99DD-4B35-B449-BF6E550F13B2}.Release|Any CPU.ActiveCfg = Release|Any CPU
		{C91DF7AD-99DD-4B35-B449-BF6E550F13B2}.Release|Any CPU.Build.0 = Release|Any CPU
	EndGlobalSection
	GlobalSection(SolutionProperties) = preSolution
		HideSolutionNode = FALSE
	EndGlobalSection
	GlobalSection(ExtensibilityGlobals) = postSolution
		SolutionGuid = {2EBCD016-F3DE-4689-843E-F075926DAB50}
	EndGlobalSection
EndGlobal
